
Microsoft Visual Studio Solution File, Format Version 12.00
# Visual Studio Version 17
VisualStudioVersion = 17.14.36623.8 d17.14
MinimumVisualStudioVersion = 10.0.40219.1
Project("{FAE04EC0-301F-11D3-BF4B-00C04F79EFBC}") = "EmployeeExample", "EmployeeExample.csproj", "{10D2E4FA-7EDD-463B-944C-DCFD0419F498}"
EndProject
Global
	GlobalSection(SolutionConfigurationPlatforms) = preSolution
		Debug|Any CPU = Debug|Any CPU
		Release|Any CPU = Release|Any CPU
	EndGlobalSection
	GlobalSection(ProjectConfigurationPlatforms) = postSolution
		{10D2E4FA-7EDD-463B-944C-DCFD0419F498}.Debug|Any CPU.ActiveCfg = Debug|Any CPU
		{10D2E4FA-7EDD-463B-944C-DCFD0419F498}.Debug|Any CPU.Build.0 = Debug|Any CPU
		{10D2E4FA-7EDD-463B-944C-DCFD0419F498}.Release|Any CPU.ActiveCfg = Release|Any CPU
		{10D2E4FA-7EDD-463B-944C-DCFD0419F498}.Release|Any CPU.Build.0 = Release|Any CPU
	EndGlobalSection
	GlobalSection(SolutionProperties) = preSolution
		HideSolutionNode = FALSE
	EndGlobalSection
	GlobalSection(ExtensibilityGlobals) = postSolution
		SolutionGuid = {C325C69F-B8B1-4F49-A23C-99C5F4824D50}
	EndGlobalSection
EndGlobal
